// !$*UTF8*$!
{
	archiveVersion = 1;
	classes = {
	};
	objectVersion = 46;
	objects = {

/* Begin PBXBuildFile section */
		C44FC2C61ED2BF9600B04650 /* main.m in Sources */ = {isa = PBXBuildFile; fileRef = C44FC2C51ED2BF9600B04650 /* main.m */; };
		C44FC2C91ED2BF9600B04650 /* AppDelegate.m in Sources */ = {isa = PBXBuildFile; fileRef = C44FC2C81ED2BF9600B04650 /* AppDelegate.m */; };
		C44FC2CC1ED2BF9600B04650 /* ViewController.m in Sources */ = {isa = PBXBuildFile; fileRef = C44FC2CB1ED2BF9600B04650 /* ViewController.m */; };
		C44FC2CF1ED2BF9600B04650 /* Main.storyboard in Resources */ = {isa = PBXBuildFile; fileRef = C44FC2CD1ED2BF9600B04650 /* Main.storyboard */; };
		C44FC2D11ED2BF9600B04650 /* Assets.xcassets in Resources */ = {isa = PBXBuildFile; fileRef = C44FC2D01ED2BF9600B04650 /* Assets.xcassets */; };
		C44FC2D41ED2BF9600B04650 /* LaunchScreen.storyboard in Resources */ = {isa = PBXBuildFile; fileRef = C44FC2D21ED2BF9600B04650 /* LaunchScreen.storyboard */; };
		C44FC3061ED2C09100B04650 /* CoreGraphics.framework in Frameworks */ = {isa = PBXBuildFile; fileRef = C44FC3041ED2C09100B04650 /* CoreGraphics.framework */; };
		C44FC3071ED2C09100B04650 /* CoreText.framework in Frameworks */ = {isa = PBXBuildFile; fileRef = C44FC3051ED2C09100B04650 /* CoreText.framework */; };
		C44FC3091ED2C0A900B04650 /* Security.framework in Frameworks */ = {isa = PBXBuildFile; fileRef = C44FC3081ED2C0A900B04650 /* Security.framework */; };
		C44FC30B1ED2C0B000B04650 /* UIKit.framework in Frameworks */ = {isa = PBXBuildFile; fileRef = C44FC30A1ED2C0B000B04650 /* UIKit.framework */; };
		C44FC30D1ED2C0C600B04650 /* libz.tbd in Frameworks */ = {isa = PBXBuildFile; fileRef = C44FC30C1ED2C0C600B04650 /* libz.tbd */; };
		C44FC30F1ED2C0CF00B04650 /* libc++.tbd in Frameworks */ = {isa = PBXBuildFile; fileRef = C44FC30E1ED2C0CF00B04650 /* libc++.tbd */; };
		C44FC3111ED2C0DD00B04650 /* QuartzCore.framework in Frameworks */ = {isa = PBXBuildFile; fileRef = C44FC3101ED2C0DD00B04650 /* QuartzCore.framework */; };
		C44FC3131ED2C0E500B04650 /* CoreMotion.framework in Frameworks */ = {isa = PBXBuildFile; fileRef = C44FC3121ED2C0E500B04650 /* CoreMotion.framework */; };
		C44FC3151ED2C0EC00B04650 /* CFNetwork.framework in Frameworks */ = {isa = PBXBuildFile; fileRef = C44FC3141ED2C0EC00B04650 /* CFNetwork.framework */; };
		C44FC3171ED2C0F300B04650 /* Foundation.framework in Frameworks */ = {isa = PBXBuildFile; fileRef = C44FC3161ED2C0F300B04650 /* Foundation.framework */; };
		C44FC3191ED2C0FB00B04650 /* CoreTelephony.framework in Frameworks */ = {isa = PBXBuildFile; fileRef = C44FC3181ED2C0FB00B04650 /* CoreTelephony.framework */; };
		C44FC35F1ED2CED800B04650 /* HJPaymentService.m in Sources */ = {isa = PBXBuildFile; fileRef = C44FC3451ED2CED800B04650 /* HJPaymentService.m */; };
		C44FC3601ED2CED800B04650 /* HJPaymentServiceProtocol.m in Sources */ = {isa = PBXBuildFile; fileRef = C44FC3471ED2CED800B04650 /* HJPaymentServiceProtocol.m */; };
		C44FC3611ED2CED800B04650 /* HJAliPaymentService.m in Sources */ = {isa = PBXBuildFile; fileRef = C44FC34B1ED2CED800B04650 /* HJAliPaymentService.m */; };
		C44FC3621ED2CED800B04650 /* AlipaySDK.bundle in Resources */ = {isa = PBXBuildFile; fileRef = C44FC34D1ED2CED800B04650 /* AlipaySDK.bundle */; };
		C44FC3631ED2CED800B04650 /* AlipaySDK.framework in Frameworks */ = {isa = PBXBuildFile; fileRef = C44FC34E1ED2CED800B04650 /* AlipaySDK.framework */; };
		C44FC3641ED2CED800B04650 /* HJUninPaymentService.m in Sources */ = {isa = PBXBuildFile; fileRef = C44FC3511ED2CED800B04650 /* HJUninPaymentService.m */; };
		C44FC3651ED2CED800B04650 /* libPaymentControl.a in Frameworks */ = {isa = PBXBuildFile; fileRef = C44FC3561ED2CED800B04650 /* libPaymentControl.a */; };
		C44FC3661ED2CED800B04650 /* HJWXPaymentService.m in Sources */ = {isa = PBXBuildFile; fileRef = C44FC3591ED2CED800B04650 /* HJWXPaymentService.m */; };
		C44FC3671ED2CED800B04650 /* libWeChatSDK.a in Frameworks */ = {isa = PBXBuildFile; fileRef = C44FC35B1ED2CED800B04650 /* libWeChatSDK.a */; };
		C44FC3691ED2CF1000B04650 /* libsqlite3.tbd in Frameworks */ = {isa = PBXBuildFile; fileRef = C44FC3681ED2CF1000B04650 /* libsqlite3.tbd */; };
/* End PBXBuildFile section */

/* Begin PBXFileReference section */
		C44FC2C11ED2BF9600B04650 /* HJPaymentDemo.app */ = {isa = PBXFileReference; explicitFileType = wrapper.application; includeInIndex = 0; path = HJPaymentDemo.app; sourceTree = BUILT_PRODUCTS_DIR; };
		C44FC2C51ED2BF9600B04650 /* main.m */ = {isa = PBXFileReference; lastKnownFileType = sourcecode.c.objc; path = main.m; sourceTree = "<group>"; };
		C44FC2C71ED2BF9600B04650 /* AppDelegate.h */ = {isa = PBXFileReference; lastKnownFileType = sourcecode.c.h; path = AppDelegate.h; sourceTree = "<group>"; };
		C44FC2C81ED2BF9600B04650 /* AppDelegate.m */ = {isa = PBXFileReference; lastKnownFileType = sourcecode.c.objc; path = AppDelegate.m; sourceTree = "<group>"; };
		C44FC2CA1ED2BF9600B04650 /* ViewController.h */ = {isa = PBXFileReference; lastKnownFileType = sourcecode.c.h; path = ViewController.h; sourceTree = "<group>"; };
		C44FC2CB1ED2BF9600B04650 /* ViewController.m */ = {isa = PBXFileReference; lastKnownFileType = sourcecode.c.objc; path = ViewController.m; sourceTree = "<group>"; };
		C44FC2CE1ED2BF9600B04650 /* Base */ = {isa = PBXFileReference; lastKnownFileType = file.storyboard; name = Base; path = Base.lproj/Main.storyboard; sourceTree = "<group>"; };
		C44FC2D01ED2BF9600B04650 /* Assets.xcassets */ = {isa = PBXFileReference; lastKnownFileType = folder.assetcatalog; path = Assets.xcassets; sourceTree = "<group>"; };
		C44FC2D31ED2BF9600B04650 /* Base */ = {isa = PBXFileReference; lastKnownFileType = file.storyboard; name = Base; path = Base.lproj/LaunchScreen.storyboard; sourceTree = "<group>"; };
		C44FC2D51ED2BF9600B04650 /* Info.plist */ = {isa = PBXFileReference; lastKnownFileType = text.plist.xml; path = Info.plist; sourceTree = "<group>"; };
		C44FC3041ED2C09100B04650 /* CoreGraphics.framework */ = {isa = PBXFileReference; lastKnownFileType = wrapper.framework; name = CoreGraphics.framework; path = System/Library/Frameworks/CoreGraphics.framework; sourceTree = SDKROOT; };
		C44FC3051ED2C09100B04650 /* CoreText.framework */ = {isa = PBXFileReference; lastKnownFileType = wrapper.framework; name = CoreText.framework; path = System/Library/Frameworks/CoreText.framework; sourceTree = SDKROOT; };
		C44FC3081ED2C0A900B04650 /* Security.framework */ = {isa = PBXFileReference; lastKnownFileType = wrapper.framework; name = Security.framework; path = System/Library/Frameworks/Security.framework; sourceTree = SDKROOT; };
		C44FC30A1ED2C0B000B04650 /* UIKit.framework */ = {isa = PBXFileReference; lastKnownFileType = wrapper.framework; name = UIKit.framework; path = System/Library/Frameworks/UIKit.framework; sourceTree = SDKROOT; };
		C44FC30C1ED2C0C600B04650 /* libz.tbd */ = {isa = PBXFileReference; lastKnownFileType = "sourcecode.text-based-dylib-definition"; name = libz.tbd; path = usr/lib/libz.tbd; sourceTree = SDKROOT; };
		C44FC30E1ED2C0CF00B04650 /* libc++.tbd */ = {isa = PBXFileReference; lastKnownFileType = "sourcecode.text-based-dylib-definition"; name = "libc++.tbd"; path = "usr/lib/libc++.tbd"; sourceTree = SDKROOT; };
		C44FC3101ED2C0DD00B04650 /* QuartzCore.framework */ = {isa = PBXFileReference; lastKnownFileType = wrapper.framework; name = QuartzCore.framework; path = System/Library/Frameworks/QuartzCore.framework; sourceTree = SDKROOT; };
		C44FC3121ED2C0E500B04650 /* CoreMotion.framework */ = {isa = PBXFileReference; lastKnownFileType = wrapper.framework; name = CoreMotion.framework; path = System/Library/Frameworks/CoreMotion.framework; sourceTree = SDKROOT; };
		C44FC3141ED2C0EC00B04650 /* CFNetwork.framework */ = {isa = PBXFileReference; lastKnownFileType = wrapper.framework; name = CFNetwork.framework; path = System/Library/Frameworks/CFNetwork.framework; sourceTree = SDKROOT; };
		C44FC3161ED2C0F300B04650 /* Foundation.framework */ = {isa = PBXFileReference; lastKnownFileType = wrapper.framework; name = Foundation.framework; path = System/Library/Frameworks/Foundation.framework; sourceTree = SDKROOT; };
		C44FC3181ED2C0FB00B04650 /* CoreTelephony.framework */ = {isa = PBXFileReference; lastKnownFileType = wrapper.framework; name = CoreTelephony.framework; path = System/Library/Frameworks/CoreTelephony.framework; sourceTree = SDKROOT; };
		C44FC3421ED2CED800B04650 /* HJPaymentModule.h */ = {isa = PBXFileReference; fileEncoding = 4; lastKnownFileType = sourcecode.c.h; path = HJPaymentModule.h; sourceTree = "<group>"; };
		C44FC3441ED2CED800B04650 /* HJPaymentService.h */ = {isa = PBXFileReference; fileEncoding = 4; lastKnownFileType = sourcecode.c.h; path = HJPaymentService.h; sourceTree = "<group>"; };
		C44FC3451ED2CED800B04650 /* HJPaymentService.m */ = {isa = PBXFileReference; fileEncoding = 4; lastKnownFileType = sourcecode.c.objc; path = HJPaymentService.m; sourceTree = "<group>"; };
		C44FC3461ED2CED800B04650 /* HJPaymentServiceProtocol.h */ = {isa = PBXFileReference; fileEncoding = 4; lastKnownFileType = sourcecode.c.h; path = HJPaymentServiceProtocol.h; sourceTree = "<group>"; };
		C44FC3471ED2CED800B04650 /* HJPaymentServiceProtocol.m */ = {isa = PBXFileReference; fileEncoding = 4; lastKnownFileType = sourcecode.c.objc; path = HJPaymentServiceProtocol.m; sourceTree = "<group>"; };
		C44FC34A1ED2CED800B04650 /* HJAliPaymentService.h */ = {isa = PBXFileReference; fileEncoding = 4; lastKnownFileType = sourcecode.c.h; path = HJAliPaymentService.h; sourceTree = "<group>"; };
		C44FC34B1ED2CED800B04650 /* HJAliPaymentService.m */ = {isa = PBXFileReference; fileEncoding = 4; lastKnownFileType = sourcecode.c.objc; path = HJAliPaymentService.m; sourceTree = "<group>"; };
		C44FC34D1ED2CED800B04650 /* AlipaySDK.bundle */ = {isa = PBXFileReference; lastKnownFileType = "wrapper.plug-in"; path = AlipaySDK.bundle; sourceTree = "<group>"; };
		C44FC34E1ED2CED800B04650 /* AlipaySDK.framework */ = {isa = PBXFileReference; lastKnownFileType = wrapper.framework; path = AlipaySDK.framework; sourceTree = "<group>"; };
		C44FC3501ED2CED800B04650 /* HJUninPaymentService.h */ = {isa = PBXFileReference; fileEncoding = 4; lastKnownFileType = sourcecode.c.h; path = HJUninPaymentService.h; sourceTree = "<group>"; };
		C44FC3511ED2CED800B04650 /* HJUninPaymentService.m */ = {isa = PBXFileReference; fileEncoding = 4; lastKnownFileType = sourcecode.c.objc; path = HJUninPaymentService.m; sourceTree = "<group>"; };
		C44FC3541ED2CED800B04650 /* UPPaymentControl.h */ = {isa = PBXFileReference; fileEncoding = 4; lastKnownFileType = sourcecode.c.h; path = UPPaymentControl.h; sourceTree = "<group>"; };
		C44FC3561ED2CED800B04650 /* libPaymentControl.a */ = {isa = PBXFileReference; lastKnownFileType = archive.ar; path = libPaymentControl.a; sourceTree = "<group>"; };
		C44FC3581ED2CED800B04650 /* HJWXPaymentService.h */ = {isa = PBXFileReference; fileEncoding = 4; lastKnownFileType = sourcecode.c.h; path = HJWXPaymentService.h; sourceTree = "<group>"; };
		C44FC3591ED2CED800B04650 /* HJWXPaymentService.m */ = {isa = PBXFileReference; fileEncoding = 4; lastKnownFileType = sourcecode.c.objc; path = HJWXPaymentService.m; sourceTree = "<group>"; };
		C44FC35B1ED2CED800B04650 /* libWeChatSDK.a */ = {isa = PBXFileReference; lastKnownFileType = archive.ar; path = libWeChatSDK.a; sourceTree = "<group>"; };
		C44FC35C1ED2CED800B04650 /* WechatAuthSDK.h */ = {isa = PBXFileReference; fileEncoding = 4; lastKnownFileType = sourcecode.c.h; path = WechatAuthSDK.h; sourceTree = "<group>"; };
		C44FC35D1ED2CED800B04650 /* WXApi.h */ = {isa = PBXFileReference; fileEncoding = 4; lastKnownFileType = sourcecode.c.h; path = WXApi.h; sourceTree = "<group>"; };
		C44FC35E1ED2CED800B04650 /* WXApiObject.h */ = {isa = PBXFileReference; fileEncoding = 4; lastKnownFileType = sourcecode.c.h; path = WXApiObject.h; sourceTree = "<group>"; };
		C44FC3681ED2CF1000B04650 /* libsqlite3.tbd */ = {isa = PBXFileReference; lastKnownFileType = "sourcecode.text-based-dylib-definition"; name = libsqlite3.tbd; path = usr/lib/libsqlite3.tbd; sourceTree = SDKROOT; };
/* End PBXFileReference section */

/* Begin PBXFrameworksBuildPhase section */
		C44FC2BE1ED2BF9600B04650 /* Frameworks */ = {
			isa = PBXFrameworksBuildPhase;
			buildActionMask = 2147483647;
			files = (
				C44FC3691ED2CF1000B04650 /* libsqlite3.tbd in Frameworks */,
				C44FC3671ED2CED800B04650 /* libWeChatSDK.a in Frameworks */,
				C44FC3191ED2C0FB00B04650 /* CoreTelephony.framework in Frameworks */,
				C44FC3171ED2C0F300B04650 /* Foundation.framework in Frameworks */,
				C44FC3151ED2C0EC00B04650 /* CFNetwork.framework in Frameworks */,
				C44FC3131ED2C0E500B04650 /* CoreMotion.framework in Frameworks */,
				C44FC3111ED2C0DD00B04650 /* QuartzCore.framework in Frameworks */,
				C44FC3631ED2CED800B04650 /* AlipaySDK.framework in Frameworks */,
				C44FC30F1ED2C0CF00B04650 /* libc++.tbd in Frameworks */,
				C44FC30D1ED2C0C600B04650 /* libz.tbd in Frameworks */,
				C44FC30B1ED2C0B000B04650 /* UIKit.framework in Frameworks */,
				C44FC3091ED2C0A900B04650 /* Security.framework in Frameworks */,
				C44FC3061ED2C09100B04650 /* CoreGraphics.framework in Frameworks */,
				C44FC3071ED2C09100B04650 /* CoreText.framework in Frameworks */,
				C44FC3651ED2CED800B04650 /* libPaymentControl.a in Frameworks */,
			);
			runOnlyForDeploymentPostprocessing = 0;
		};
/* End PBXFrameworksBuildPhase section */

/* Begin PBXGroup section */
		C44FC2B81ED2BF9600B04650 = {
			isa = PBXGroup;
			children = (
				C44FC2C31ED2BF9600B04650 /* HJPaymentDemo */,
				C44FC2C21ED2BF9600B04650 /* Products */,
				C44FC3031ED2C09100B04650 /* Frameworks */,
			);
			sourceTree = "<group>";
		};
		C44FC2C21ED2BF9600B04650 /* Products */ = {
			isa = PBXGroup;
			children = (
				C44FC2C11ED2BF9600B04650 /* HJPaymentDemo.app */,
			);
			name = Products;
			sourceTree = "<group>";
		};
		C44FC2C31ED2BF9600B04650 /* HJPaymentDemo */ = {
			isa = PBXGroup;
			children = (
				C44FC3411ED2CED800B04650 /* HJPaymentModule */,
				C44FC2C71ED2BF9600B04650 /* AppDelegate.h */,
				C44FC2C81ED2BF9600B04650 /* AppDelegate.m */,
				C44FC2CA1ED2BF9600B04650 /* ViewController.h */,
				C44FC2CB1ED2BF9600B04650 /* ViewController.m */,
				C44FC2CD1ED2BF9600B04650 /* Main.storyboard */,
				C44FC2D01ED2BF9600B04650 /* Assets.xcassets */,
				C44FC2D21ED2BF9600B04650 /* LaunchScreen.storyboard */,
				C44FC2D51ED2BF9600B04650 /* Info.plist */,
				C44FC2C41ED2BF9600B04650 /* Supporting Files */,
			);
			path = HJPaymentDemo;
			sourceTree = "<group>";
		};
		C44FC2C41ED2BF9600B04650 /* Supporting Files */ = {
			isa = PBXGroup;
			children = (
				C44FC2C51ED2BF9600B04650 /* main.m */,
			);
			name = "Supporting Files";
			sourceTree = "<group>";
		};
		C44FC3031ED2C09100B04650 /* Frameworks */ = {
			isa = PBXGroup;
			children = (
				C44FC3681ED2CF1000B04650 /* libsqlite3.tbd */,
				C44FC3181ED2C0FB00B04650 /* CoreTelephony.framework */,
				C44FC3161ED2C0F300B04650 /* Foundation.framework */,
				C44FC3141ED2C0EC00B04650 /* CFNetwork.framework */,
				C44FC3121ED2C0E500B04650 /* CoreMotion.framework */,
				C44FC3101ED2C0DD00B04650 /* QuartzCore.framework */,
				C44FC30E1ED2C0CF00B04650 /* libc++.tbd */,
				C44FC30C1ED2C0C600B04650 /* libz.tbd */,
				C44FC30A1ED2C0B000B04650 /* UIKit.framework */,
				C44FC3081ED2C0A900B04650 /* Security.framework */,
				C44FC3041ED2C09100B04650 /* CoreGraphics.framework */,
				C44FC3051ED2C09100B04650 /* CoreText.framework */,
			);
			name = Frameworks;
			sourceTree = "<group>";
		};
		C44FC3411ED2CED800B04650 /* HJPaymentModule */ = {
			isa = PBXGroup;
			children = (
				C44FC3421ED2CED800B04650 /* HJPaymentModule.h */,
				C44FC3431ED2CED800B04650 /* HJPaymentService */,
				C44FC3481ED2CED800B04650 /* PayChannels */,
			);
			path = HJPaymentModule;
			sourceTree = "<group>";
		};
		C44FC3431ED2CED800B04650 /* HJPaymentService */ = {
			isa = PBXGroup;
			children = (
				C44FC3441ED2CED800B04650 /* HJPaymentService.h */,
				C44FC3451ED2CED800B04650 /* HJPaymentService.m */,
				C44FC3461ED2CED800B04650 /* HJPaymentServiceProtocol.h */,
				C44FC3471ED2CED800B04650 /* HJPaymentServiceProtocol.m */,
			);
			path = HJPaymentService;
			sourceTree = "<group>";
		};
		C44FC3481ED2CED800B04650 /* PayChannels */ = {
			isa = PBXGroup;
			children = (
				C44FC3491ED2CED800B04650 /* AliPay */,
				C44FC34F1ED2CED800B04650 /* Unpay */,
				C44FC3571ED2CED800B04650 /* WXPay */,
			);
			path = PayChannels;
			sourceTree = "<group>";
		};
		C44FC3491ED2CED800B04650 /* AliPay */ = {
			isa = PBXGroup;
			children = (
				C44FC34A1ED2CED800B04650 /* HJAliPaymentService.h */,
				C44FC34B1ED2CED800B04650 /* HJAliPaymentService.m */,
				C44FC34C1ED2CED800B04650 /* Lib */,
			);
			path = AliPay;
			sourceTree = "<group>";
		};
		C44FC34C1ED2CED800B04650 /* Lib */ = {
			isa = PBXGroup;
			children = (
				C44FC34D1ED2CED800B04650 /* AlipaySDK.bundle */,
				C44FC34E1ED2CED800B04650 /* AlipaySDK.framework */,
			);
			path = Lib;
			sourceTree = "<group>";
		};
		C44FC34F1ED2CED800B04650 /* Unpay */ = {
			isa = PBXGroup;
			children = (
				C44FC3501ED2CED800B04650 /* HJUninPaymentService.h */,
				C44FC3511ED2CED800B04650 /* HJUninPaymentService.m */,
				C44FC3521ED2CED800B04650 /* Lib */,
			);
			path = Unpay;
			sourceTree = "<group>";
		};
		C44FC3521ED2CED800B04650 /* Lib */ = {
			isa = PBXGroup;
			children = (
				C44FC3531ED2CED800B04650 /* inc */,
				C44FC3551ED2CED800B04650 /* libs */,
			);
			path = Lib;
			sourceTree = "<group>";
		};
		C44FC3531ED2CED800B04650 /* inc */ = {
			isa = PBXGroup;
			children = (
				C44FC3541ED2CED800B04650 /* UPPaymentControl.h */,
			);
			path = inc;
			sourceTree = "<group>";
		};
		C44FC3551ED2CED800B04650 /* libs */ = {
			isa = PBXGroup;
			children = (
				C44FC3561ED2CED800B04650 /* libPaymentControl.a */,
			);
			path = libs;
			sourceTree = "<group>";
		};
		C44FC3571ED2CED800B04650 /* WXPay */ = {
			isa = PBXGroup;
			children = (
				C44FC3581ED2CED800B04650 /* HJWXPaymentService.h */,
				C44FC3591ED2CED800B04650 /* HJWXPaymentService.m */,
				C44FC35A1ED2CED800B04650 /* Lib */,
			);
			path = WXPay;
			sourceTree = "<group>";
		};
		C44FC35A1ED2CED800B04650 /* Lib */ = {
			isa = PBXGroup;
			children = (
				C44FC35B1ED2CED800B04650 /* libWeChatSDK.a */,
				C44FC35C1ED2CED800B04650 /* WechatAuthSDK.h */,
				C44FC35D1ED2CED800B04650 /* WXApi.h */,
				C44FC35E1ED2CED800B04650 /* WXApiObject.h */,
			);
			path = Lib;
			sourceTree = "<group>";
		};
/* End PBXGroup section */

/* Begin PBXNativeTarget section */
		C44FC2C01ED2BF9600B04650 /* HJPaymentDemo */ = {
			isa = PBXNativeTarget;
			buildConfigurationList = C44FC2D81ED2BF9600B04650 /* Build configuration list for PBXNativeTarget "HJPaymentDemo" */;
			buildPhases = (
				C44FC2BD1ED2BF9600B04650 /* Sources */,
				C44FC2BE1ED2BF9600B04650 /* Frameworks */,
				C44FC2BF1ED2BF9600B04650 /* Resources */,
			);
			buildRules = (
			);
			dependencies = (
			);
			name = HJPaymentDemo;
			productName = HJPaymentDemo;
			productReference = C44FC2C11ED2BF9600B04650 /* HJPaymentDemo.app */;
			productType = "com.apple.product-type.application";
		};
/* End PBXNativeTarget section */

/* Begin PBXProject section */
		C44FC2B91ED2BF9600B04650 /* Project object */ = {
			isa = PBXProject;
			attributes = {
				LastUpgradeCheck = 0830;
				ORGANIZATIONNAME = Hjay;
				TargetAttributes = {
					C44FC2C01ED2BF9600B04650 = {
						CreatedOnToolsVersion = 8.3;
						DevelopmentTeam = XDK267KQ83;
						ProvisioningStyle = Manual;
					};
				};
			};
			buildConfigurationList = C44FC2BC1ED2BF9600B04650 /* Build configuration list for PBXProject "HJPaymentDemo" */;
			compatibilityVersion = "Xcode 3.2";
			developmentRegion = English;
			hasScannedForEncodings = 0;
			knownRegions = (
				en,
				Base,
			);
			mainGroup = C44FC2B81ED2BF9600B04650;
			productRefGroup = C44FC2C21ED2BF9600B04650 /* Products */;
			projectDirPath = "";
			projectRoot = "";
			targets = (
				C44FC2C01ED2BF9600B04650 /* HJPaymentDemo */,
			);
		};
/* End PBXProject section */

/* Begin PBXResourcesBuildPhase section */
		C44FC2BF1ED2BF9600B04650 /* Resources */ = {
			isa = PBXResourcesBuildPhase;
			buildActionMask = 2147483647;
			files = (
				C44FC2D41ED2BF9600B04650 /* LaunchScreen.storyboard in Resources */,
				C44FC2D11ED2BF9600B04650 /* Assets.xcassets in Resources */,
				C44FC3621ED2CED800B04650 /* AlipaySDK.bundle in Resources */,
				C44FC2CF1ED2BF9600B04650 /* Main.storyboard in Resources */,
			);
			runOnlyForDeploymentPostprocessing = 0;
		};
/* End PBXResourcesBuildPhase section */

/* Begin PBXSourcesBuildPhase section */
		C44FC2BD1ED2BF9600B04650 /* Sources */ = {
			isa = PBXSourcesBuildPhase;
			buildActionMask = 2147483647;
			files = (
				C44FC3641ED2CED800B04650 /* HJUninPaymentService.m in Sources */,
				C44FC3601ED2CED800B04650 /* HJPaymentServiceProtocol.m in Sources */,
				C44FC2CC1ED2BF9600B04650 /* ViewController.m in Sources */,
				C44FC2C91ED2BF9600B04650 /* AppDelegate.m in Sources */,
				C44FC35F1ED2CED800B04650 /* HJPaymentService.m in Sources */,
				C44FC2C61ED2BF9600B04650 /* main.m in Sources */,
				C44FC3611ED2CED800B04650 /* HJAliPaymentService.m in Sources */,
				C44FC3661ED2CED800B04650 /* HJWXPaymentService.m in Sources */,
			);
			runOnlyForDeploymentPostprocessing = 0;
		};
/* End PBXSourcesBuildPhase section */

/* Begin PBXVariantGroup section */
		C44FC2CD1ED2BF9600B04650 /* Main.storyboard */ = {
			isa = PBXVariantGroup;
			children = (
				C44FC2CE1ED2BF9600B04650 /* Base */,
			);
			name = Main.storyboard;
			sourceTree = "<group>";
		};
		C44FC2D21ED2BF9600B04650 /* LaunchScreen.storyboard */ = {
			isa = PBXVariantGroup;
			children = (
				C44FC2D31ED2BF9600B04650 /* Base */,
			);
			name = LaunchScreen.storyboard;
			sourceTree = "<group>";
		};
/* End PBXVariantGroup section */

/* Begin XCBuildConfiguration section */
		C44FC2D61ED2BF9600B04650 /* Debug */ = {
			isa = XCBuildConfiguration;
			buildSettings = {
				ALWAYS_SEARCH_USER_PATHS = NO;
				CLANG_ANALYZER_NONNULL = YES;
				CLANG_ANALYZER_NUMBER_OBJECT_CONVERSION = YES_AGGRESSIVE;
				CLANG_CXX_LANGUAGE_STANDARD = "gnu++0x";
				CLANG_CXX_LIBRARY = "libc++";
				CLANG_ENABLE_MODULES = YES;
				CLANG_ENABLE_OBJC_ARC = YES;
				CLANG_WARN_BOOL_CONVERSION = YES;
				CLANG_WARN_CONSTANT_CONVERSION = YES;
				CLANG_WARN_DIRECT_OBJC_ISA_USAGE = YES_ERROR;
				CLANG_WARN_DOCUMENTATION_COMMENTS = YES;
				CLANG_WARN_EMPTY_BODY = YES;
				CLANG_WARN_ENUM_CONVERSION = YES;
				CLANG_WARN_INFINITE_RECURSION = YES;
				CLANG_WARN_INT_CONVERSION = YES;
				CLANG_WARN_OBJC_ROOT_CLASS = YES_ERROR;
				CLANG_WARN_SUSPICIOUS_MOVE = YES;
				CLANG_WARN_UNREACHABLE_CODE = YES;
				CLANG_WARN__DUPLICATE_METHOD_MATCH = YES;
				"CODE_SIGN_IDENTITY[sdk=iphoneos*]" = "iPhone Developer";
				COPY_PHASE_STRIP = NO;
				DEBUG_INFORMATION_FORMAT = dwarf;
				ENABLE_STRICT_OBJC_MSGSEND = YES;
				ENABLE_TESTABILITY = YES;
				FRAMEWORK_SEARCH_PATHS = "";
				GCC_C_LANGUAGE_STANDARD = gnu99;
				GCC_DYNAMIC_NO_PIC = NO;
				GCC_NO_COMMON_BLOCKS = YES;
				GCC_OPTIMIZATION_LEVEL = 0;
				GCC_PREPROCESSOR_DEFINITIONS = (
					"DEBUG=1",
					"$(inherited)",
				);
				GCC_WARN_64_TO_32_BIT_CONVERSION = YES;
				GCC_WARN_ABOUT_RETURN_TYPE = YES_ERROR;
				GCC_WARN_UNDECLARED_SELECTOR = YES;
				GCC_WARN_UNINITIALIZED_AUTOS = YES_AGGRESSIVE;
				GCC_WARN_UNUSED_FUNCTION = YES;
				GCC_WARN_UNUSED_VARIABLE = YES;
				IPHONEOS_DEPLOYMENT_TARGET = 8.0;
				MTL_ENABLE_DEBUG_INFO = YES;
				ONLY_ACTIVE_ARCH = YES;
				SDKROOT = iphoneos;
				TARGETED_DEVICE_FAMILY = "1,2";
				USER_HEADER_SEARCH_PATHS = "";
			};
			name = Debug;
		};
		C44FC2D71ED2BF9600B04650 /* Release */ = {
			isa = XCBuildConfiguration;
			buildSettings = {
				ALWAYS_SEARCH_USER_PATHS = NO;
				CLANG_ANALYZER_NONNULL = YES;
				CLANG_ANALYZER_NUMBER_OBJECT_CONVERSION = YES_AGGRESSIVE;
				CLANG_CXX_LANGUAGE_STANDARD = "gnu++0x";
				CLANG_CXX_LIBRARY = "libc++";
				CLANG_ENABLE_MODULES = YES;
				CLANG_ENABLE_OBJC_ARC = YES;
				CLANG_WARN_BOOL_CONVERSION = YES;
				CLANG_WARN_CONSTANT_CONVERSION = YES;
				CLANG_WARN_DIRECT_OBJC_ISA_USAGE = YES_ERROR;
				CLANG_WARN_DOCUMENTATION_COMMENTS = YES;
				CLANG_WARN_EMPTY_BODY = YES;
				CLANG_WARN_ENUM_CONVERSION = YES;
				CLANG_WARN_INFINITE_RECURSION = YES;
				CLANG_WARN_INT_CONVERSION = YES;
				CLANG_WARN_OBJC_ROOT_CLASS = YES_ERROR;
				CLANG_WARN_SUSPICIOUS_MOVE = YES;
				CLANG_WARN_UNREACHABLE_CODE = YES;
				CLANG_WARN__DUPLICATE_METHOD_MATCH = YES;
				"CODE_SIGN_IDENTITY[sdk=iphoneos*]" = "iPhone Developer";
				COPY_PHASE_STRIP = NO;
				DEBUG_INFORMATION_FORMAT = "dwarf-with-dsym";
				ENABLE_NS_ASSERTIONS = NO;
				ENABLE_STRICT_OBJC_MSGSEND = YES;
				FRAMEWORK_SEARCH_PATHS = "";
				GCC_C_LANGUAGE_STANDARD = gnu99;
				GCC_NO_COMMON_BLOCKS = YES;
				GCC_WARN_64_TO_32_BIT_CONVERSION = YES;
				GCC_WARN_ABOUT_RETURN_TYPE = YES_ERROR;
				GCC_WARN_UNDECLARED_SELECTOR = YES;
				GCC_WARN_UNINITIALIZED_AUTOS = YES_AGGRESSIVE;
				GCC_WARN_UNUSED_FUNCTION = YES;
				GCC_WARN_UNUSED_VARIABLE = YES;
				IPHONEOS_DEPLOYMENT_TARGET = 8.0;
				MTL_ENABLE_DEBUG_INFO = NO;
				SDKROOT = iphoneos;
				TARGETED_DEVICE_FAMILY = "1,2";
				USER_HEADER_SEARCH_PATHS = "";
				VALIDATE_PRODUCT = YES;
			};
			name = Release;
		};
		C44FC2D91ED2BF9600B04650 /* Debug */ = {
			isa = XCBuildConfiguration;
			buildSettings = {
				ALWAYS_SEARCH_USER_PATHS = YES;
				ASSETCATALOG_COMPILER_APPICON_NAME = AppIcon;
				DEVELOPMENT_TEAM = XDK267KQ83;
				FRAMEWORK_SEARCH_PATHS = (
					"$(inherited)",
					"$(PROJECT_DIR)/HJPaymentDemo/HJPaymentModule/PayChannels/AliPay/Lib",
				);
				INFOPLIST_FILE = HJPaymentDemo/Info.plist;
				LD_RUNPATH_SEARCH_PATHS = "$(inherited) @executable_path/Frameworks";
				LIBRARY_SEARCH_PATHS = (
					"$(inherited)",
					"$(PROJECT_DIR)/HJPaymentDemo/HJPaymentModule/PayChannels/Unpay/Lib/libs",
					"$(PROJECT_DIR)/HJPaymentDemo/HJPaymentModule/PayChannels/WXPay/Lib",
				);
				PRODUCT_BUNDLE_IDENTIFIER = WangCang.HJPaymentDemo;
				PRODUCT_NAME = "$(TARGET_NAME)";
				PROVISIONING_PROFILE = "b13de65a-dc71-4131-8e50-eae924810f6b";
				PROVISIONING_PROFILE_SPECIFIER = "XC Wildcard *";
				USER_HEADER_SEARCH_PATHS = "";
			};
			name = Debug;
		};
		C44FC2DA1ED2BF9600B04650 /* Release */ = {
			isa = XCBuildConfiguration;
			buildSettings = {
				ALWAYS_SEARCH_USER_PATHS = YES;
				ASSETCATALOG_COMPILER_APPICON_NAME = AppIcon;
				DEVELOPMENT_TEAM = "";
				FRAMEWORK_SEARCH_PATHS = (
					"$(inherited)",
					"$(PROJECT_DIR)/HJPaymentDemo/HJPaymentModule/PayChannels/AliPay/Lib",
				);
				INFOPLIST_FILE = HJPaymentDemo/Info.plist;
				LD_RUNPATH_SEARCH_PATHS = "$(inherited) @executable_path/Frameworks";
				LIBRARY_SEARCH_PATHS = (
					"$(inherited)",
					"$(PROJECT_DIR)/HJPaymentDemo/HJPaymentModule/PayChannels/Unpay/Lib/libs",
					"$(PROJECT_DIR)/HJPaymentDemo/HJPaymentModule/PayChannels/WXPay/Lib",
				);
				PRODUCT_BUNDLE_IDENTIFIER = WangCang.HJPaymentDemo;
				PRODUCT_NAME = "$(TARGET_NAME)";
				PROVISIONING_PROFILE_SPECIFIER = "";
				USER_HEADER_SEARCH_PATHS = "";
			};
			name = Release;
		};
/* End XCBuildConfiguration section */

/* Begin XCConfigurationList section */
		C44FC2BC1ED2BF9600B04650 /* Build configuration list for PBXProject "HJPaymentDemo" */ = {
			isa = XCConfigurationList;
			buildConfigurations = (
				C44FC2D61ED2BF9600B04650 /* Debug */,
				C44FC2D71ED2BF9600B04650 /* Release */,
			);
			defaultConfigurationIsVisible = 0;
			defaultConfigurationName = Release;
		};
		C44FC2D81ED2BF9600B04650 /* Build configuration list for PBXNativeTarget "HJPaymentDemo" */ = {
			isa = XCConfigurationList;
			buildConfigurations = (
				C44FC2D91ED2BF9600B04650 /* Debug */,
				C44FC2DA1ED2BF9600B04650 /* Release */,
			);
			defaultConfigurationIsVisible = 0;
		};
/* End XCConfigurationList section */
	};
	rootObject = C44FC2B91ED2BF9600B04650 /* Project object */;
}
